dependencies:
- name: metrics-server
  repository: https://kubernetes-sigs.github.io/metrics-server/
  version: 3.11.0
- name: sealed-secrets
  repository: https://bitnami-labs.github.io/sealed-secrets/
  version: 2.14.1
- name: reloader
  repository: https://stakater.github.io/stakater-charts/
  version: 1.0.62
digest: sha256:6768cb680bd46c40fd3ec71f81467a7433834dbafb6905b4982c1971fc2f553a
generated: "2024-01-12T17:54:06.899896267Z"
