dependencies:
- name: metrics-server
  repository: https://kubernetes-sigs.github.io/metrics-server/
  version: 3.8.2
- name: sealed-secrets
  repository: https://bitnami-labs.github.io/sealed-secrets/
  version: 2.4.0
- name: reloader
  repository: https://stakater.github.io/stakater-charts/
  version: v0.0.117
digest: sha256:f86033c87a4fca21dcb9316c29699f97cbc6c34acdf716d2bf13d13afcebf287
generated: "2022-07-17T15:20:06.068150871Z"
