dependencies:
- name: metrics-server
  repository: https://kubernetes-sigs.github.io/metrics-server/
  version: 3.8.3
- name: sealed-secrets
  repository: https://bitnami-labs.github.io/sealed-secrets/
  version: 2.7.3
- name: reloader
  repository: https://stakater.github.io/stakater-charts/
  version: v0.0.129
digest: sha256:f9b64ada44bf65b06c0a0c17393e5cbfa6261d6e9bf4ab668b85a1ed51dee00e
generated: "2023-01-19T15:09:01.46106684Z"
